
Microsoft Visual Studio Solution File, Format Version 12.00
# Visual Studio Version 17
VisualStudioVersion = 17.14.36511.14
MinimumVisualStudioVersion = 10.0.40219.1
Project("{FAE04EC0-301F-11D3-BF4B-00C04F79EFBC}") = "Laby.Core", "Laby.Core\Laby.Core.csproj", "{B286D74D-32FF-415E-990B-1EB4B03269F6}"
EndProject
Project("{FAE04EC0-301F-11D3-BF4B-00C04F79EFBC}") = "Laby.Algorithms", "Laby.Algorithms\Laby.Algorithms.csproj", "{E3070F54-6013-4D05-9449-C3E54CB81B20}"
EndProject
Project("{FAE04EC0-301F-11D3-BF4B-00C04F79EFBC}") = "Laby.Application", "Laby.Application\Laby.Application.csproj", "{5285ACFB-2A63-405C-95C4-18C83E7CCFE0}"
EndProject
Project("{FAE04EC0-301F-11D3-BF4B-00C04F79EFBC}") = "Laby.Contracts", "Laby.Contracts\Laby.Contracts.csproj", "{3AAC9388-851F-4929-875D-9F7BB864D1A8}"
EndProject
Project("{FAE04EC0-301F-11D3-BF4B-00C04F79EFBC}") = "Laby.Mapping", "Laby.Mapping\Laby.Mapping.csproj", "{B0F5E230-93A7-4515-807E-15135C08DFE4}"
EndProject
Project("{FAE04EC0-301F-11D3-BF4B-00C04F79EFBC}") = "Laby.Infrastructure", "Laby.Infrastructure\Laby.Infrastructure.csproj", "{8D359F02-60E2-429F-A89A-D1ECECDAF2CF}"
EndProject
Project("{FAE04EC0-301F-11D3-BF4B-00C04F79EFBC}") = "Laby.Client.Console", "Laby.Client.Console\Laby.Client.Console.csproj", "{A428B85E-455F-49AE-AE3D-DDA0BF3C8C5A}"
EndProject
Project("{FAE04EC0-301F-11D3-BF4B-00C04F79EFBC}") = "Laby.Tests", "Laby.Tests\Laby.Tests.csproj", "{542721F6-9D54-4AE6-8213-F916D14F158D}"
EndProject
Global
	GlobalSection(SolutionConfigurationPlatforms) = preSolution
		Debug|Any CPU = Debug|Any CPU
		Debug|x64 = Debug|x64
		Debug|x86 = Debug|x86
		Release|Any CPU = Release|Any CPU
		Release|x64 = Release|x64
		Release|x86 = Release|x86
	EndGlobalSection
	GlobalSection(ProjectConfigurationPlatforms) = postSolution
		{B286D74D-32FF-415E-990B-1EB4B03269F6}.Debug|Any CPU.ActiveCfg = Debug|Any CPU
		{B286D74D-32FF-415E-990B-1EB4B03269F6}.Debug|Any CPU.Build.0 = Debug|Any CPU
		{B286D74D-32FF-415E-990B-1EB4B03269F6}.Debug|x64.ActiveCfg = Debug|Any CPU
		{B286D74D-32FF-415E-990B-1EB4B03269F6}.Debug|x64.Build.0 = Debug|Any CPU
		{B286D74D-32FF-415E-990B-1EB4B03269F6}.Debug|x86.ActiveCfg = Debug|Any CPU
		{B286D74D-32FF-415E-990B-1EB4B03269F6}.Debug|x86.Build.0 = Debug|Any CPU
		{B286D74D-32FF-415E-990B-1EB4B03269F6}.Release|Any CPU.ActiveCfg = Release|Any CPU
		{B286D74D-32FF-415E-990B-1EB4B03269F6}.Release|Any CPU.Build.0 = Release|Any CPU
		{B286D74D-32FF-415E-990B-1EB4B03269F6}.Release|x64.ActiveCfg = Release|Any CPU
		{B286D74D-32FF-415E-990B-1EB4B03269F6}.Release|x64.Build.0 = Release|Any CPU
		{B286D74D-32FF-415E-990B-1EB4B03269F6}.Release|x86.ActiveCfg = Release|Any CPU
		{B286D74D-32FF-415E-990B-1EB4B03269F6}.Release|x86.Build.0 = Release|Any CPU
		{E3070F54-6013-4D05-9449-C3E54CB81B20}.Debug|Any CPU.ActiveCfg = Debug|Any CPU
		{E3070F54-6013-4D05-9449-C3E54CB81B20}.Debug|Any CPU.Build.0 = Debug|Any CPU
		{E3070F54-6013-4D05-9449-C3E54CB81B20}.Debug|x64.ActiveCfg = Debug|Any CPU
		{E3070F54-6013-4D05-9449-C3E54CB81B20}.Debug|x64.Build.0 = Debug|Any CPU
		{E3070F54-6013-4D05-9449-C3E54CB81B20}.Debug|x86.ActiveCfg = Debug|Any CPU
		{E3070F54-6013-4D05-9449-C3E54CB81B20}.Debug|x86.Build.0 = Debug|Any CPU
		{E3070F54-6013-4D05-9449-C3E54CB81B20}.Release|Any CPU.ActiveCfg = Release|Any CPU
		{E3070F54-6013-4D05-9449-C3E54CB81B20}.Release|Any CPU.Build.0 = Release|Any CPU
		{E3070F54-6013-4D05-9449-C3E54CB81B20}.Release|x64.ActiveCfg = Release|Any CPU
		{E3070F54-6013-4D05-9449-C3E54CB81B20}.Release|x64.Build.0 = Release|Any CPU
		{E3070F54-6013-4D05-9449-C3E54CB81B20}.Release|x86.ActiveCfg = Release|Any CPU
		{E3070F54-6013-4D05-9449-C3E54CB81B20}.Release|x86.Build.0 = Release|Any CPU
		{5285ACFB-2A63-405C-95C4-18C83E7CCFE0}.Debug|Any CPU.ActiveCfg = Debug|Any CPU
		{5285ACFB-2A63-405C-95C4-18C83E7CCFE0}.Debug|Any CPU.Build.0 = Debug|Any CPU
		{5285ACFB-2A63-405C-95C4-18C83E7CCFE0}.Debug|x64.ActiveCfg = Debug|Any CPU
		{5285ACFB-2A63-405C-95C4-18C83E7CCFE0}.Debug|x64.Build.0 = Debug|Any CPU
		{5285ACFB-2A63-405C-95C4-18C83E7CCFE0}.Debug|x86.ActiveCfg = Debug|Any CPU
		{5285ACFB-2A63-405C-95C4-18C83E7CCFE0}.Debug|x86.Build.0 = Debug|Any CPU
		{5285ACFB-2A63-405C-95C4-18C83E7CCFE0}.Release|Any CPU.ActiveCfg = Release|Any CPU
		{5285ACFB-2A63-405C-95C4-18C83E7CCFE0}.Release|Any CPU.Build.0 = Release|Any CPU
		{5285ACFB-2A63-405C-95C4-18C83E7CCFE0}.Release|x64.ActiveCfg = Release|Any CPU
		{5285ACFB-2A63-405C-95C4-18C83E7CCFE0}.Release|x64.Build.0 = Release|Any CPU
		{5285ACFB-2A63-405C-95C4-18C83E7CCFE0}.Release|x86.ActiveCfg = Release|Any CPU
		{5285ACFB-2A63-405C-95C4-18C83E7CCFE0}.Release|x86.Build.0 = Release|Any CPU
		{3AAC9388-851F-4929-875D-9F7BB864D1A8}.Debug|Any CPU.ActiveCfg = Debug|Any CPU
		{3AAC9388-851F-4929-875D-9F7BB864D1A8}.Debug|Any CPU.Build.0 = Debug|Any CPU
		{3AAC9388-851F-4929-875D-9F7BB864D1A8}.Debug|x64.ActiveCfg = Debug|Any CPU
		{3AAC9388-851F-4929-875D-9F7BB864D1A8}.Debug|x64.Build.0 = Debug|Any CPU
		{3AAC9388-851F-4929-875D-9F7BB864D1A8}.Debug|x86.ActiveCfg = Debug|Any CPU
		{3AAC9388-851F-4929-875D-9F7BB864D1A8}.Debug|x86.Build.0 = Debug|Any CPU
		{3AAC9388-851F-4929-875D-9F7BB864D1A8}.Release|Any CPU.ActiveCfg = Release|Any CPU
		{3AAC9388-851F-4929-875D-9F7BB864D1A8}.Release|Any CPU.Build.0 = Release|Any CPU
		{3AAC9388-851F-4929-875D-9F7BB864D1A8}.Release|x64.ActiveCfg = Release|Any CPU
		{3AAC9388-851F-4929-875D-9F7BB864D1A8}.Release|x64.Build.0 = Release|Any CPU
		{3AAC9388-851F-4929-875D-9F7BB864D1A8}.Release|x86.ActiveCfg = Release|Any CPU
		{3AAC9388-851F-4929-875D-9F7BB864D1A8}.Release|x86.Build.0 = Release|Any CPU
		{B0F5E230-93A7-4515-807E-15135C08DFE4}.Debug|Any CPU.ActiveCfg = Debug|Any CPU
		{B0F5E230-93A7-4515-807E-15135C08DFE4}.Debug|Any CPU.Build.0 = Debug|Any CPU
		{B0F5E230-93A7-4515-807E-15135C08DFE4}.Debug|x64.ActiveCfg = Debug|Any CPU
		{B0F5E230-93A7-4515-807E-15135C08DFE4}.Debug|x64.Build.0 = Debug|Any CPU
		{B0F5E230-93A7-4515-807E-15135C08DFE4}.Debug|x86.ActiveCfg = Debug|Any CPU
		{B0F5E230-93A7-4515-807E-15135C08DFE4}.Debug|x86.Build.0 = Debug|Any CPU
		{B0F5E230-93A7-4515-807E-15135C08DFE4}.Release|Any CPU.ActiveCfg = Release|Any CPU
		{B0F5E230-93A7-4515-807E-15135C08DFE4}.Release|Any CPU.Build.0 = Release|Any CPU
		{B0F5E230-93A7-4515-807E-15135C08DFE4}.Release|x64.ActiveCfg = Release|Any CPU
		{B0F5E230-93A7-4515-807E-15135C08DFE4}.Release|x64.Build.0 = Release|Any CPU
		{B0F5E230-93A7-4515-807E-15135C08DFE4}.Release|x86.ActiveCfg = Release|Any CPU
		{B0F5E230-93A7-4515-807E-15135C08DFE4}.Release|x86.Build.0 = Release|Any CPU
		{8D359F02-60E2-429F-A89A-D1ECECDAF2CF}.Debug|Any CPU.ActiveCfg = Debug|Any CPU
		{8D359F02-60E2-429F-A89A-D1ECECDAF2CF}.Debug|Any CPU.Build.0 = Debug|Any CPU
		{8D359F02-60E2-429F-A89A-D1ECECDAF2CF}.Debug|x64.ActiveCfg = Debug|Any CPU
		{8D359F02-60E2-429F-A89A-D1ECECDAF2CF}.Debug|x64.Build.0 = Debug|Any CPU
		{8D359F02-60E2-429F-A89A-D1ECECDAF2CF}.Debug|x86.ActiveCfg = Debug|Any CPU
		{8D359F02-60E2-429F-A89A-D1ECECDAF2CF}.Debug|x86.Build.0 = Debug|Any CPU
		{8D359F02-60E2-429F-A89A-D1ECECDAF2CF}.Release|Any CPU.ActiveCfg = Release|Any CPU
		{8D359F02-60E2-429F-A89A-D1ECECDAF2CF}.Release|Any CPU.Build.0 = Release|Any CPU
		{8D359F02-60E2-429F-A89A-D1ECECDAF2CF}.Release|x64.ActiveCfg = Release|Any CPU
		{8D359F02-60E2-429F-A89A-D1ECECDAF2CF}.Release|x64.Build.0 = Release|Any CPU
		{8D359F02-60E2-429F-A89A-D1ECECDAF2CF}.Release|x86.ActiveCfg = Release|Any CPU
		{8D359F02-60E2-429F-A89A-D1ECECDAF2CF}.Release|x86.Build.0 = Release|Any CPU
		{A428B85E-455F-49AE-AE3D-DDA0BF3C8C5A}.Debug|Any CPU.ActiveCfg = Debug|Any CPU
		{A428B85E-455F-49AE-AE3D-DDA0BF3C8C5A}.Debug|Any CPU.Build.0 = Debug|Any CPU
		{A428B85E-455F-49AE-AE3D-DDA0BF3C8C5A}.Debug|x64.ActiveCfg = Debug|Any CPU
		{A428B85E-455F-49AE-AE3D-DDA0BF3C8C5A}.Debug|x64.Build.0 = Debug|Any CPU
		{A428B85E-455F-49AE-AE3D-DDA0BF3C8C5A}.Debug|x86.ActiveCfg = Debug|Any CPU
		{A428B85E-455F-49AE-AE3D-DDA0BF3C8C5A}.Debug|x86.Build.0 = Debug|Any CPU
		{A428B85E-455F-49AE-AE3D-DDA0BF3C8C5A}.Release|Any CPU.ActiveCfg = Release|Any CPU
		{A428B85E-455F-49AE-AE3D-DDA0BF3C8C5A}.Release|Any CPU.Build.0 = Release|Any CPU
		{A428B85E-455F-49AE-AE3D-DDA0BF3C8C5A}.Release|x64.ActiveCfg = Release|Any CPU
		{A428B85E-455F-49AE-AE3D-DDA0BF3C8C5A}.Release|x64.Build.0 = Release|Any CPU
		{A428B85E-455F-49AE-AE3D-DDA0BF3C8C5A}.Release|x86.ActiveCfg = Release|Any CPU
		{A428B85E-455F-49AE-AE3D-DDA0BF3C8C5A}.Release|x86.Build.0 = Release|Any CPU
		{542721F6-9D54-4AE6-8213-F916D14F158D}.Debug|Any CPU.ActiveCfg = Debug|Any CPU
		{542721F6-9D54-4AE6-8213-F916D14F158D}.Debug|Any CPU.Build.0 = Debug|Any CPU
		{542721F6-9D54-4AE6-8213-F916D14F158D}.Debug|x64.ActiveCfg = Debug|Any CPU
		{542721F6-9D54-4AE6-8213-F916D14F158D}.Debug|x64.Build.0 = Debug|Any CPU
		{542721F6-9D54-4AE6-8213-F916D14F158D}.Debug|x86.ActiveCfg = Debug|Any CPU
		{542721F6-9D54-4AE6-8213-F916D14F158D}.Debug|x86.Build.0 = Debug|Any CPU
		{542721F6-9D54-4AE6-8213-F916D14F158D}.Release|Any CPU.ActiveCfg = Release|Any CPU
		{542721F6-9D54-4AE6-8213-F916D14F158D}.Release|Any CPU.Build.0 = Release|Any CPU
		{542721F6-9D54-4AE6-8213-F916D14F158D}.Release|x64.ActiveCfg = Release|Any CPU
		{542721F6-9D54-4AE6-8213-F916D14F158D}.Release|x64.Build.0 = Release|Any CPU
		{542721F6-9D54-4AE6-8213-F916D14F158D}.Release|x86.ActiveCfg = Release|Any CPU
		{542721F6-9D54-4AE6-8213-F916D14F158D}.Release|x86.Build.0 = Release|Any CPU
	EndGlobalSection
	GlobalSection(SolutionProperties) = preSolution
		HideSolutionNode = FALSE
	EndGlobalSection
	GlobalSection(ExtensibilityGlobals) = postSolution
		SolutionGuid = {1DCD51B7-EEF8-4EB1-B945-886C3C1E1CF0}
	EndGlobalSection
EndGlobal
